
Microsoft Visual Studio Solution File, Format Version 12.00
# Visual Studio Version 17
VisualStudioVersion = 17.0.31919.166
MinimumVisualStudioVersion = 10.0.40219.1
Project("{8BC9CEB8-8B4A-11D0-8D11-00A0C91BC942}") = "Project1", "Project1\Project1.vcxproj", "{59F59028-7342-4DBD-9336-EF53C611C2D7}"
EndProject
Global
	GlobalSection(SolutionConfigurationPlatforms) = preSolution
		Debug|x64 = Debug|x64
		Debug|x86 = Debug|x86
		Release|x64 = Release|x64
		Release|x86 = Release|x86
	EndGlobalSection
	GlobalSection(ProjectConfigurationPlatforms) = postSolution
		{59F59028-7342-4DBD-9336-EF53C611C2D7}.Debug|x64.ActiveCfg = Debug|x64
		{59F59028-7342-4DBD-9336-EF53C611C2D7}.Debug|x64.Build.0 = Debug|x64
		{59F59028-7342-4DBD-9336-EF53C611C2D7}.Debug|x86.ActiveCfg = Debug|Win32
		{59F59028-7342-4DBD-9336-EF53C611C2D7}.Debug|x86.Build.0 = Debug|Win32
		{59F59028-7342-4DBD-9336-EF53C611C2D7}.Release|x64.ActiveCfg = Release|x64
		{59F59028-7342-4DBD-9336-EF53C611C2D7}.Release|x64.Build.0 = Release|x64
		{59F59028-7342-4DBD-9336-EF53C611C2D7}.Release|x86.ActiveCfg = Release|Win32
		{59F59028-7342-4DBD-9336-EF53C611C2D7}.Release|x86.Build.0 = Release|Win32
	EndGlobalSection
	GlobalSection(SolutionProperties) = preSolution
		HideSolutionNode = FALSE
	EndGlobalSection
	GlobalSection(ExtensibilityGlobals) = postSolution
		SolutionGuid = {A0CF6A09-E027-4DD0-BA5F-A79648A93D15}
	EndGlobalSection
EndGlobal
